
Microsoft Visual Studio Solution File, Format Version 12.00
# Visual Studio 15
VisualStudioVersion = 15.0.28010.2003
MinimumVisualStudioVersion = 10.0.40219.1
Project("{FAE04EC0-301F-11D3-BF4B-00C04F79EFBC}") = "Nop.Core", "Libraries\Nop.Core\Nop.Core.csproj", "{6BDA8332-939F-45B7-A25E-7A797260AE59}"
EndProject
Project("{FAE04EC0-301F-11D3-BF4B-00C04F79EFBC}") = "Nop.Data", "Libraries\Nop.Data\Nop.Data.csproj", "{CCD7F2C9-6A2C-4CF0-8E89-076B8FC0F144}"
EndProject
Project("{FAE04EC0-301F-11D3-BF4B-00C04F79EFBC}") = "Nop.Services", "Libraries\Nop.Services\Nop.Services.csproj", "{210541AD-F659-47DA-8763-16F36C5CD2F4}"
EndProject
Project("{FAE04EC0-301F-11D3-BF4B-00C04F79EFBC}") = "Nop.Domain", "Libraries\Nop.Domain\Nop.Domain.csproj", "{698FF728-93B9-48C9-99C0-0AA1C909F420}"
EndProject
Project("{FAE04EC0-301F-11D3-BF4B-00C04F79EFBC}") = "Nop.Web", "Presentation\Nop.Web\Nop.Web.csproj", "{17C762DD-838B-465C-AAB2-892CACE4D0A4}"
EndProject
Project("{FAE04EC0-301F-11D3-BF4B-00C04F79EFBC}") = "Nop.Web.Framework", "Presentation\Nop.Web.Framework\Nop.Web.Framework.csproj", "{75FD4163-333C-4DD5-854D-2EF294E45D94}"
EndProject
Project("{2150E333-8FDC-42A3-9474-1A3956D46DE8}") = "Solution Items", "Solution Items", "{ADB1ACD4-C1B1-4031-AE01-EA5996AC5A5E}"
	ProjectSection(SolutionItems) = preProject
		README.md = README.md
	EndProjectSection
EndProject
Project("{FAE04EC0-301F-11D3-BF4B-00C04F79EFBC}") = "Nop.CLI", "Presentation\Nop.CLI\Nop.CLI.csproj", "{E128B8F7-6517-434A-8BEC-7A2DD92DE637}"
EndProject
Project("{FAE04EC0-301F-11D3-BF4B-00C04F79EFBC}") = "Nop.WebApi", "Presentation\Nop.WebApi\Nop.WebApi.csproj", "{8AC7744B-E491-4C04-B515-8CDC0949F3BF}"
EndProject
Project("{FAE04EC0-301F-11D3-BF4B-00C04F79EFBC}") = "Nop.WebApi.Framework", "Presentation\Nop.WebApi.Framework\Nop.WebApi.Framework.csproj", "{299D524E-876D-43DD-AE11-51E9855698B8}"
EndProject
Project("{2150E333-8FDC-42A3-9474-1A3956D46DE8}") = "Samples", "Samples", "{47E4A476-CC32-42F3-A637-97B3D6D8E1E4}"
EndProject
Project("{2150E333-8FDC-42A3-9474-1A3956D46DE8}") = "Survey", "Survey", "{DB4B7CE8-B144-4EC6-B841-3E7042948F98}"
EndProject
Project("{FAE04EC0-301F-11D3-BF4B-00C04F79EFBC}") = "Survey.WebApi", "Samples\Survey\Survey.WebApi\Survey.WebApi.csproj", "{0623E605-9713-4BA8-90E9-67F7B79C15F0}"
EndProject
Project("{2150E333-8FDC-42A3-9474-1A3956D46DE8}") = "Assesment", "Assesment", "{47904E31-DD02-44E5-8D64-BF9A03EF9164}"
EndProject
Project("{FAE04EC0-301F-11D3-BF4B-00C04F79EFBC}") = "Assesment.WebApi", "Samples\Assesment\Assesment.WebApi\Assesment.WebApi.csproj", "{C247D5CE-BA19-4A46-9273-6EB23DF58725}"
EndProject
Project("{FAE04EC0-301F-11D3-BF4B-00C04F79EFBC}") = "Assesment.Domain", "Samples\Assesment\Assesment.Domain\Assesment.Domain.csproj", "{2EEC8653-0720-449B-A244-8CC96E64CAAA}"
EndProject
Project("{FAE04EC0-301F-11D3-BF4B-00C04F79EFBC}") = "Assesment.Services", "Samples\Assesment\Assesment.Services\Assesment.Services.csproj", "{A6FFF149-1017-42D7-9988-E4DF9983A9F9}"
EndProject
Project("{FAE04EC0-301F-11D3-BF4B-00C04F79EFBC}") = "Assesment.Data", "Samples\Assesment\Assesment.Data\Assesment.Data.csproj", "{7936B123-4825-4E3E-8B7F-D7030BEBA541}"
EndProject
Project("{FAE04EC0-301F-11D3-BF4B-00C04F79EFBC}") = "Assesment.Queries", "Samples\Assesment\Assesment.Queries\Assesment.Queries.csproj", "{4A79C168-0493-4977-9B9F-E0254D4126CC}"
EndProject
Project("{FAE04EC0-301F-11D3-BF4B-00C04F79EFBC}") = "Assesment.UnitTest", "Samples\Assesment\Assesment.UnitTest\Assesment.UnitTest.csproj", "{DD8CF7DB-F722-4D0A-9E67-777515383BEB}"
EndProject
Project("{2150E333-8FDC-42A3-9474-1A3956D46DE8}") = "Tests", "Tests", "{7D63FA7B-F5AC-4B61-8E00-6C4EE72A70AC}"
EndProject
Project("{2150E333-8FDC-42A3-9474-1A3956D46DE8}") = "1. Business Layer", "1. Business Layer", "{61CC7A5B-8655-4CDB-A987-C5BEFEE3E14B}"
EndProject
Project("{2150E333-8FDC-42A3-9474-1A3956D46DE8}") = "2. Service Layer", "2. Service Layer", "{1622CF35-735D-4598-9CBB-637E97DB3DF9}"
EndProject
Project("{2150E333-8FDC-42A3-9474-1A3956D46DE8}") = "3. Presentation Layer", "3. Presentation Layer", "{DC6691D1-6954-4BE4-A2A4-32E6B060DF15}"
EndProject
Project("{2150E333-8FDC-42A3-9474-1A3956D46DE8}") = "4. Cross Layer", "4. Cross Layer", "{D909636C-FC76-42DC-99C6-76ED983BA2B1}"
EndProject
Project("{2150E333-8FDC-42A3-9474-1A3956D46DE8}") = "5. Data Access Layer", "5. Data Access Layer", "{0A33D77D-896B-4C52-9930-ACC62292C83C}"
EndProject
Project("{2150E333-8FDC-42A3-9474-1A3956D46DE8}") = "6. Unit Tests", "6. Unit Tests", "{9093BE57-2DF7-4FE8-A766-2F271BEE74A5}"
EndProject
Project("{2150E333-8FDC-42A3-9474-1A3956D46DE8}") = "7. Models", "7. Models", "{62E51795-73C9-4BB8-8C63-E60BDA59B6F5}"
EndProject
Global
	GlobalSection(SolutionConfigurationPlatforms) = preSolution
		Debug|Any CPU = Debug|Any CPU
		Debug|Mixed Platforms = Debug|Mixed Platforms
		Debug|x86 = Debug|x86
		Release|Any CPU = Release|Any CPU
		Release|Mixed Platforms = Release|Mixed Platforms
		Release|x86 = Release|x86
	EndGlobalSection
	GlobalSection(ProjectConfigurationPlatforms) = postSolution
		{6BDA8332-939F-45B7-A25E-7A797260AE59}.Debug|Any CPU.ActiveCfg = Debug|Any CPU
		{6BDA8332-939F-45B7-A25E-7A797260AE59}.Debug|Any CPU.Build.0 = Debug|Any CPU
		{6BDA8332-939F-45B7-A25E-7A797260AE59}.Debug|Mixed Platforms.ActiveCfg = Debug|Any CPU
		{6BDA8332-939F-45B7-A25E-7A797260AE59}.Debug|Mixed Platforms.Build.0 = Debug|Any CPU
		{6BDA8332-939F-45B7-A25E-7A797260AE59}.Debug|x86.ActiveCfg = Debug|Any CPU
		{6BDA8332-939F-45B7-A25E-7A797260AE59}.Release|Any CPU.ActiveCfg = Release|Any CPU
		{6BDA8332-939F-45B7-A25E-7A797260AE59}.Release|Any CPU.Build.0 = Release|Any CPU
		{6BDA8332-939F-45B7-A25E-7A797260AE59}.Release|Mixed Platforms.ActiveCfg = Release|Any CPU
		{6BDA8332-939F-45B7-A25E-7A797260AE59}.Release|Mixed Platforms.Build.0 = Release|Any CPU
		{6BDA8332-939F-45B7-A25E-7A797260AE59}.Release|x86.ActiveCfg = Release|Any CPU
		{CCD7F2C9-6A2C-4CF0-8E89-076B8FC0F144}.Debug|Any CPU.ActiveCfg = Debug|Any CPU
		{CCD7F2C9-6A2C-4CF0-8E89-076B8FC0F144}.Debug|Any CPU.Build.0 = Debug|Any CPU
		{CCD7F2C9-6A2C-4CF0-8E89-076B8FC0F144}.Debug|Mixed Platforms.ActiveCfg = Debug|Any CPU
		{CCD7F2C9-6A2C-4CF0-8E89-076B8FC0F144}.Debug|Mixed Platforms.Build.0 = Debug|Any CPU
		{CCD7F2C9-6A2C-4CF0-8E89-076B8FC0F144}.Debug|x86.ActiveCfg = Debug|Any CPU
		{CCD7F2C9-6A2C-4CF0-8E89-076B8FC0F144}.Release|Any CPU.ActiveCfg = Release|Any CPU
		{CCD7F2C9-6A2C-4CF0-8E89-076B8FC0F144}.Release|Any CPU.Build.0 = Release|Any CPU
		{CCD7F2C9-6A2C-4CF0-8E89-076B8FC0F144}.Release|Mixed Platforms.ActiveCfg = Release|Any CPU
		{CCD7F2C9-6A2C-4CF0-8E89-076B8FC0F144}.Release|Mixed Platforms.Build.0 = Release|Any CPU
		{CCD7F2C9-6A2C-4CF0-8E89-076B8FC0F144}.Release|x86.ActiveCfg = Release|Any CPU
		{210541AD-F659-47DA-8763-16F36C5CD2F4}.Debug|Any CPU.ActiveCfg = Debug|Any CPU
		{210541AD-F659-47DA-8763-16F36C5CD2F4}.Debug|Any CPU.Build.0 = Debug|Any CPU
		{210541AD-F659-47DA-8763-16F36C5CD2F4}.Debug|Mixed Platforms.ActiveCfg = Debug|Any CPU
		{210541AD-F659-47DA-8763-16F36C5CD2F4}.Debug|Mixed Platforms.Build.0 = Debug|Any CPU
		{210541AD-F659-47DA-8763-16F36C5CD2F4}.Debug|x86.ActiveCfg = Debug|Any CPU
		{210541AD-F659-47DA-8763-16F36C5CD2F4}.Release|Any CPU.ActiveCfg = Release|Any CPU
		{210541AD-F659-47DA-8763-16F36C5CD2F4}.Release|Any CPU.Build.0 = Release|Any CPU
		{210541AD-F659-47DA-8763-16F36C5CD2F4}.Release|Mixed Platforms.ActiveCfg = Release|Any CPU
		{210541AD-F659-47DA-8763-16F36C5CD2F4}.Release|Mixed Platforms.Build.0 = Release|Any CPU
		{210541AD-F659-47DA-8763-16F36C5CD2F4}.Release|x86.ActiveCfg = Release|Any CPU
		{698FF728-93B9-48C9-99C0-0AA1C909F420}.Debug|Any CPU.ActiveCfg = Debug|Any CPU
		{698FF728-93B9-48C9-99C0-0AA1C909F420}.Debug|Any CPU.Build.0 = Debug|Any CPU
		{698FF728-93B9-48C9-99C0-0AA1C909F420}.Debug|Mixed Platforms.ActiveCfg = Debug|Any CPU
		{698FF728-93B9-48C9-99C0-0AA1C909F420}.Debug|Mixed Platforms.Build.0 = Debug|Any CPU
		{698FF728-93B9-48C9-99C0-0AA1C909F420}.Debug|x86.ActiveCfg = Debug|Any CPU
		{698FF728-93B9-48C9-99C0-0AA1C909F420}.Debug|x86.Build.0 = Debug|Any CPU
		{698FF728-93B9-48C9-99C0-0AA1C909F420}.Release|Any CPU.ActiveCfg = Release|Any CPU
		{698FF728-93B9-48C9-99C0-0AA1C909F420}.Release|Any CPU.Build.0 = Release|Any CPU
		{698FF728-93B9-48C9-99C0-0AA1C909F420}.Release|Mixed Platforms.ActiveCfg = Release|Any CPU
		{698FF728-93B9-48C9-99C0-0AA1C909F420}.Release|Mixed Platforms.Build.0 = Release|Any CPU
		{698FF728-93B9-48C9-99C0-0AA1C909F420}.Release|x86.ActiveCfg = Release|Any CPU
		{698FF728-93B9-48C9-99C0-0AA1C909F420}.Release|x86.Build.0 = Release|Any CPU
		{17C762DD-838B-465C-AAB2-892CACE4D0A4}.Debug|Any CPU.ActiveCfg = Debug|Any CPU
		{17C762DD-838B-465C-AAB2-892CACE4D0A4}.Debug|Any CPU.Build.0 = Debug|Any CPU
		{17C762DD-838B-465C-AAB2-892CACE4D0A4}.Debug|Mixed Platforms.ActiveCfg = Debug|Any CPU
		{17C762DD-838B-465C-AAB2-892CACE4D0A4}.Debug|Mixed Platforms.Build.0 = Debug|Any CPU
		{17C762DD-838B-465C-AAB2-892CACE4D0A4}.Debug|x86.ActiveCfg = Debug|Any CPU
		{17C762DD-838B-465C-AAB2-892CACE4D0A4}.Debug|x86.Build.0 = Debug|Any CPU
		{17C762DD-838B-465C-AAB2-892CACE4D0A4}.Release|Any CPU.ActiveCfg = Release|Any CPU
		{17C762DD-838B-465C-AAB2-892CACE4D0A4}.Release|Any CPU.Build.0 = Release|Any CPU
		{17C762DD-838B-465C-AAB2-892CACE4D0A4}.Release|Mixed Platforms.ActiveCfg = Release|Any CPU
		{17C762DD-838B-465C-AAB2-892CACE4D0A4}.Release|Mixed Platforms.Build.0 = Release|Any CPU
		{17C762DD-838B-465C-AAB2-892CACE4D0A4}.Release|x86.ActiveCfg = Release|Any CPU
		{17C762DD-838B-465C-AAB2-892CACE4D0A4}.Release|x86.Build.0 = Release|Any CPU
		{75FD4163-333C-4DD5-854D-2EF294E45D94}.Debug|Any CPU.ActiveCfg = Debug|Any CPU
		{75FD4163-333C-4DD5-854D-2EF294E45D94}.Debug|Any CPU.Build.0 = Debug|Any CPU
		{75FD4163-333C-4DD5-854D-2EF294E45D94}.Debug|Mixed Platforms.ActiveCfg = Debug|Any CPU
		{75FD4163-333C-4DD5-854D-2EF294E45D94}.Debug|Mixed Platforms.Build.0 = Debug|Any CPU
		{75FD4163-333C-4DD5-854D-2EF294E45D94}.Debug|x86.ActiveCfg = Debug|Any CPU
		{75FD4163-333C-4DD5-854D-2EF294E45D94}.Debug|x86.Build.0 = Debug|Any CPU
		{75FD4163-333C-4DD5-854D-2EF294E45D94}.Release|Any CPU.ActiveCfg = Release|Any CPU
		{75FD4163-333C-4DD5-854D-2EF294E45D94}.Release|Any CPU.Build.0 = Release|Any CPU
		{75FD4163-333C-4DD5-854D-2EF294E45D94}.Release|Mixed Platforms.ActiveCfg = Release|Any CPU
		{75FD4163-333C-4DD5-854D-2EF294E45D94}.Release|Mixed Platforms.Build.0 = Release|Any CPU
		{75FD4163-333C-4DD5-854D-2EF294E45D94}.Release|x86.ActiveCfg = Release|Any CPU
		{75FD4163-333C-4DD5-854D-2EF294E45D94}.Release|x86.Build.0 = Release|Any CPU
		{E128B8F7-6517-434A-8BEC-7A2DD92DE637}.Debug|Any CPU.ActiveCfg = Debug|Any CPU
		{E128B8F7-6517-434A-8BEC-7A2DD92DE637}.Debug|Any CPU.Build.0 = Debug|Any CPU
		{E128B8F7-6517-434A-8BEC-7A2DD92DE637}.Debug|Mixed Platforms.ActiveCfg = Debug|Any CPU
		{E128B8F7-6517-434A-8BEC-7A2DD92DE637}.Debug|Mixed Platforms.Build.0 = Debug|Any CPU
		{E128B8F7-6517-434A-8BEC-7A2DD92DE637}.Debug|x86.ActiveCfg = Debug|Any CPU
		{E128B8F7-6517-434A-8BEC-7A2DD92DE637}.Debug|x86.Build.0 = Debug|Any CPU
		{E128B8F7-6517-434A-8BEC-7A2DD92DE637}.Release|Any CPU.ActiveCfg = Release|Any CPU
		{E128B8F7-6517-434A-8BEC-7A2DD92DE637}.Release|Any CPU.Build.0 = Release|Any CPU
		{E128B8F7-6517-434A-8BEC-7A2DD92DE637}.Release|Mixed Platforms.ActiveCfg = Release|Any CPU
		{E128B8F7-6517-434A-8BEC-7A2DD92DE637}.Release|Mixed Platforms.Build.0 = Release|Any CPU
		{E128B8F7-6517-434A-8BEC-7A2DD92DE637}.Release|x86.ActiveCfg = Release|Any CPU
		{E128B8F7-6517-434A-8BEC-7A2DD92DE637}.Release|x86.Build.0 = Release|Any CPU
		{8AC7744B-E491-4C04-B515-8CDC0949F3BF}.Debug|Any CPU.ActiveCfg = Debug|Any CPU
		{8AC7744B-E491-4C04-B515-8CDC0949F3BF}.Debug|Any CPU.Build.0 = Debug|Any CPU
		{8AC7744B-E491-4C04-B515-8CDC0949F3BF}.Debug|Mixed Platforms.ActiveCfg = Debug|Any CPU
		{8AC7744B-E491-4C04-B515-8CDC0949F3BF}.Debug|Mixed Platforms.Build.0 = Debug|Any CPU
		{8AC7744B-E491-4C04-B515-8CDC0949F3BF}.Debug|x86.ActiveCfg = Debug|Any CPU
		{8AC7744B-E491-4C04-B515-8CDC0949F3BF}.Debug|x86.Build.0 = Debug|Any CPU
		{8AC7744B-E491-4C04-B515-8CDC0949F3BF}.Release|Any CPU.ActiveCfg = Release|Any CPU
		{8AC7744B-E491-4C04-B515-8CDC0949F3BF}.Release|Any CPU.Build.0 = Release|Any CPU
		{8AC7744B-E491-4C04-B515-8CDC0949F3BF}.Release|Mixed Platforms.ActiveCfg = Release|Any CPU
		{8AC7744B-E491-4C04-B515-8CDC0949F3BF}.Release|Mixed Platforms.Build.0 = Release|Any CPU
		{8AC7744B-E491-4C04-B515-8CDC0949F3BF}.Release|x86.ActiveCfg = Release|Any CPU
		{8AC7744B-E491-4C04-B515-8CDC0949F3BF}.Release|x86.Build.0 = Release|Any CPU
		{299D524E-876D-43DD-AE11-51E9855698B8}.Debug|Any CPU.ActiveCfg = Debug|Any CPU
		{299D524E-876D-43DD-AE11-51E9855698B8}.Debug|Any CPU.Build.0 = Debug|Any CPU
		{299D524E-876D-43DD-AE11-51E9855698B8}.Debug|Mixed Platforms.ActiveCfg = Debug|Any CPU
		{299D524E-876D-43DD-AE11-51E9855698B8}.Debug|Mixed Platforms.Build.0 = Debug|Any CPU
		{299D524E-876D-43DD-AE11-51E9855698B8}.Debug|x86.ActiveCfg = Debug|Any CPU
		{299D524E-876D-43DD-AE11-51E9855698B8}.Debug|x86.Build.0 = Debug|Any CPU
		{299D524E-876D-43DD-AE11-51E9855698B8}.Release|Any CPU.ActiveCfg = Release|Any CPU
		{299D524E-876D-43DD-AE11-51E9855698B8}.Release|Any CPU.Build.0 = Release|Any CPU
		{299D524E-876D-43DD-AE11-51E9855698B8}.Release|Mixed Platforms.ActiveCfg = Release|Any CPU
		{299D524E-876D-43DD-AE11-51E9855698B8}.Release|Mixed Platforms.Build.0 = Release|Any CPU
		{299D524E-876D-43DD-AE11-51E9855698B8}.Release|x86.ActiveCfg = Release|Any CPU
		{299D524E-876D-43DD-AE11-51E9855698B8}.Release|x86.Build.0 = Release|Any CPU
		{0623E605-9713-4BA8-90E9-67F7B79C15F0}.Debug|Any CPU.ActiveCfg = Debug|Any CPU
		{0623E605-9713-4BA8-90E9-67F7B79C15F0}.Debug|Any CPU.Build.0 = Debug|Any CPU
		{0623E605-9713-4BA8-90E9-67F7B79C15F0}.Debug|Mixed Platforms.ActiveCfg = Debug|Any CPU
		{0623E605-9713-4BA8-90E9-67F7B79C15F0}.Debug|Mixed Platforms.Build.0 = Debug|Any CPU
		{0623E605-9713-4BA8-90E9-67F7B79C15F0}.Debug|x86.ActiveCfg = Debug|Any CPU
		{0623E605-9713-4BA8-90E9-67F7B79C15F0}.Debug|x86.Build.0 = Debug|Any CPU
		{0623E605-9713-4BA8-90E9-67F7B79C15F0}.Release|Any CPU.ActiveCfg = Release|Any CPU
		{0623E605-9713-4BA8-90E9-67F7B79C15F0}.Release|Any CPU.Build.0 = Release|Any CPU
		{0623E605-9713-4BA8-90E9-67F7B79C15F0}.Release|Mixed Platforms.ActiveCfg = Release|Any CPU
		{0623E605-9713-4BA8-90E9-67F7B79C15F0}.Release|Mixed Platforms.Build.0 = Release|Any CPU
		{0623E605-9713-4BA8-90E9-67F7B79C15F0}.Release|x86.ActiveCfg = Release|Any CPU
		{0623E605-9713-4BA8-90E9-67F7B79C15F0}.Release|x86.Build.0 = Release|Any CPU
		{C247D5CE-BA19-4A46-9273-6EB23DF58725}.Debug|Any CPU.ActiveCfg = Debug|Any CPU
		{C247D5CE-BA19-4A46-9273-6EB23DF58725}.Debug|Any CPU.Build.0 = Debug|Any CPU
		{C247D5CE-BA19-4A46-9273-6EB23DF58725}.Debug|Mixed Platforms.ActiveCfg = Debug|Any CPU
		{C247D5CE-BA19-4A46-9273-6EB23DF58725}.Debug|Mixed Platforms.Build.0 = Debug|Any CPU
		{C247D5CE-BA19-4A46-9273-6EB23DF58725}.Debug|x86.ActiveCfg = Debug|Any CPU
		{C247D5CE-BA19-4A46-9273-6EB23DF58725}.Debug|x86.Build.0 = Debug|Any CPU
		{C247D5CE-BA19-4A46-9273-6EB23DF58725}.Release|Any CPU.ActiveCfg = Release|Any CPU
		{C247D5CE-BA19-4A46-9273-6EB23DF58725}.Release|Any CPU.Build.0 = Release|Any CPU
		{C247D5CE-BA19-4A46-9273-6EB23DF58725}.Release|Mixed Platforms.ActiveCfg = Release|Any CPU
		{C247D5CE-BA19-4A46-9273-6EB23DF58725}.Release|Mixed Platforms.Build.0 = Release|Any CPU
		{C247D5CE-BA19-4A46-9273-6EB23DF58725}.Release|x86.ActiveCfg = Release|Any CPU
		{C247D5CE-BA19-4A46-9273-6EB23DF58725}.Release|x86.Build.0 = Release|Any CPU
		{2EEC8653-0720-449B-A244-8CC96E64CAAA}.Debug|Any CPU.ActiveCfg = Debug|Any CPU
		{2EEC8653-0720-449B-A244-8CC96E64CAAA}.Debug|Any CPU.Build.0 = Debug|Any CPU
		{2EEC8653-0720-449B-A244-8CC96E64CAAA}.Debug|Mixed Platforms.ActiveCfg = Debug|Any CPU
		{2EEC8653-0720-449B-A244-8CC96E64CAAA}.Debug|Mixed Platforms.Build.0 = Debug|Any CPU
		{2EEC8653-0720-449B-A244-8CC96E64CAAA}.Debug|x86.ActiveCfg = Debug|Any CPU
		{2EEC8653-0720-449B-A244-8CC96E64CAAA}.Debug|x86.Build.0 = Debug|Any CPU
		{2EEC8653-0720-449B-A244-8CC96E64CAAA}.Release|Any CPU.ActiveCfg = Release|Any CPU
		{2EEC8653-0720-449B-A244-8CC96E64CAAA}.Release|Any CPU.Build.0 = Release|Any CPU
		{2EEC8653-0720-449B-A244-8CC96E64CAAA}.Release|Mixed Platforms.ActiveCfg = Release|Any CPU
		{2EEC8653-0720-449B-A244-8CC96E64CAAA}.Release|Mixed Platforms.Build.0 = Release|Any CPU
		{2EEC8653-0720-449B-A244-8CC96E64CAAA}.Release|x86.ActiveCfg = Release|Any CPU
		{2EEC8653-0720-449B-A244-8CC96E64CAAA}.Release|x86.Build.0 = Release|Any CPU
		{A6FFF149-1017-42D7-9988-E4DF9983A9F9}.Debug|Any CPU.ActiveCfg = Debug|Any CPU
		{A6FFF149-1017-42D7-9988-E4DF9983A9F9}.Debug|Any CPU.Build.0 = Debug|Any CPU
		{A6FFF149-1017-42D7-9988-E4DF9983A9F9}.Debug|Mixed Platforms.ActiveCfg = Debug|Any CPU
		{A6FFF149-1017-42D7-9988-E4DF9983A9F9}.Debug|Mixed Platforms.Build.0 = Debug|Any CPU
		{A6FFF149-1017-42D7-9988-E4DF9983A9F9}.Debug|x86.ActiveCfg = Debug|Any CPU
		{A6FFF149-1017-42D7-9988-E4DF9983A9F9}.Debug|x86.Build.0 = Debug|Any CPU
		{A6FFF149-1017-42D7-9988-E4DF9983A9F9}.Release|Any CPU.ActiveCfg = Release|Any CPU
		{A6FFF149-1017-42D7-9988-E4DF9983A9F9}.Release|Any CPU.Build.0 = Release|Any CPU
		{A6FFF149-1017-42D7-9988-E4DF9983A9F9}.Release|Mixed Platforms.ActiveCfg = Release|Any CPU
		{A6FFF149-1017-42D7-9988-E4DF9983A9F9}.Release|Mixed Platforms.Build.0 = Release|Any CPU
		{A6FFF149-1017-42D7-9988-E4DF9983A9F9}.Release|x86.ActiveCfg = Release|Any CPU
		{A6FFF149-1017-42D7-9988-E4DF9983A9F9}.Release|x86.Build.0 = Release|Any CPU
		{7936B123-4825-4E3E-8B7F-D7030BEBA541}.Debug|Any CPU.ActiveCfg = Debug|Any CPU
		{7936B123-4825-4E3E-8B7F-D7030BEBA541}.Debug|Any CPU.Build.0 = Debug|Any CPU
		{7936B123-4825-4E3E-8B7F-D7030BEBA541}.Debug|Mixed Platforms.ActiveCfg = Debug|Any CPU
		{7936B123-4825-4E3E-8B7F-D7030BEBA541}.Debug|Mixed Platforms.Build.0 = Debug|Any CPU
		{7936B123-4825-4E3E-8B7F-D7030BEBA541}.Debug|x86.ActiveCfg = Debug|Any CPU
		{7936B123-4825-4E3E-8B7F-D7030BEBA541}.Debug|x86.Build.0 = Debug|Any CPU
		{7936B123-4825-4E3E-8B7F-D7030BEBA541}.Release|Any CPU.ActiveCfg = Release|Any CPU
		{7936B123-4825-4E3E-8B7F-D7030BEBA541}.Release|Any CPU.Build.0 = Release|Any CPU
		{7936B123-4825-4E3E-8B7F-D7030BEBA541}.Release|Mixed Platforms.ActiveCfg = Release|Any CPU
		{7936B123-4825-4E3E-8B7F-D7030BEBA541}.Release|Mixed Platforms.Build.0 = Release|Any CPU
		{7936B123-4825-4E3E-8B7F-D7030BEBA541}.Release|x86.ActiveCfg = Release|Any CPU
		{7936B123-4825-4E3E-8B7F-D7030BEBA541}.Release|x86.Build.0 = Release|Any CPU
		{4A79C168-0493-4977-9B9F-E0254D4126CC}.Debug|Any CPU.ActiveCfg = Debug|Any CPU
		{4A79C168-0493-4977-9B9F-E0254D4126CC}.Debug|Any CPU.Build.0 = Debug|Any CPU
		{4A79C168-0493-4977-9B9F-E0254D4126CC}.Debug|Mixed Platforms.ActiveCfg = Debug|Any CPU
		{4A79C168-0493-4977-9B9F-E0254D4126CC}.Debug|Mixed Platforms.Build.0 = Debug|Any CPU
		{4A79C168-0493-4977-9B9F-E0254D4126CC}.Debug|x86.ActiveCfg = Debug|Any CPU
		{4A79C168-0493-4977-9B9F-E0254D4126CC}.Debug|x86.Build.0 = Debug|Any CPU
		{4A79C168-0493-4977-9B9F-E0254D4126CC}.Release|Any CPU.ActiveCfg = Release|Any CPU
		{4A79C168-0493-4977-9B9F-E0254D4126CC}.Release|Any CPU.Build.0 = Release|Any CPU
		{4A79C168-0493-4977-9B9F-E0254D4126CC}.Release|Mixed Platforms.ActiveCfg = Release|Any CPU
		{4A79C168-0493-4977-9B9F-E0254D4126CC}.Release|Mixed Platforms.Build.0 = Release|Any CPU
		{4A79C168-0493-4977-9B9F-E0254D4126CC}.Release|x86.ActiveCfg = Release|Any CPU
		{4A79C168-0493-4977-9B9F-E0254D4126CC}.Release|x86.Build.0 = Release|Any CPU
		{DD8CF7DB-F722-4D0A-9E67-777515383BEB}.Debug|Any CPU.ActiveCfg = Debug|Any CPU
		{DD8CF7DB-F722-4D0A-9E67-777515383BEB}.Debug|Any CPU.Build.0 = Debug|Any CPU
		{DD8CF7DB-F722-4D0A-9E67-777515383BEB}.Debug|Mixed Platforms.ActiveCfg = Debug|Any CPU
		{DD8CF7DB-F722-4D0A-9E67-777515383BEB}.Debug|Mixed Platforms.Build.0 = Debug|Any CPU
		{DD8CF7DB-F722-4D0A-9E67-777515383BEB}.Debug|x86.ActiveCfg = Debug|Any CPU
		{DD8CF7DB-F722-4D0A-9E67-777515383BEB}.Debug|x86.Build.0 = Debug|Any CPU
		{DD8CF7DB-F722-4D0A-9E67-777515383BEB}.Release|Any CPU.ActiveCfg = Release|Any CPU
		{DD8CF7DB-F722-4D0A-9E67-777515383BEB}.Release|Any CPU.Build.0 = Release|Any CPU
		{DD8CF7DB-F722-4D0A-9E67-777515383BEB}.Release|Mixed Platforms.ActiveCfg = Release|Any CPU
		{DD8CF7DB-F722-4D0A-9E67-777515383BEB}.Release|Mixed Platforms.Build.0 = Release|Any CPU
		{DD8CF7DB-F722-4D0A-9E67-777515383BEB}.Release|x86.ActiveCfg = Release|Any CPU
		{DD8CF7DB-F722-4D0A-9E67-777515383BEB}.Release|x86.Build.0 = Release|Any CPU
	EndGlobalSection
	GlobalSection(SolutionProperties) = preSolution
		HideSolutionNode = FALSE
	EndGlobalSection
	GlobalSection(NestedProjects) = preSolution
		{6BDA8332-939F-45B7-A25E-7A797260AE59} = {D909636C-FC76-42DC-99C6-76ED983BA2B1}
		{CCD7F2C9-6A2C-4CF0-8E89-076B8FC0F144} = {0A33D77D-896B-4C52-9930-ACC62292C83C}
		{210541AD-F659-47DA-8763-16F36C5CD2F4} = {61CC7A5B-8655-4CDB-A987-C5BEFEE3E14B}
		{698FF728-93B9-48C9-99C0-0AA1C909F420} = {62E51795-73C9-4BB8-8C63-E60BDA59B6F5}
		{17C762DD-838B-465C-AAB2-892CACE4D0A4} = {DC6691D1-6954-4BE4-A2A4-32E6B060DF15}
		{75FD4163-333C-4DD5-854D-2EF294E45D94} = {D909636C-FC76-42DC-99C6-76ED983BA2B1}
		{E128B8F7-6517-434A-8BEC-7A2DD92DE637} = {DC6691D1-6954-4BE4-A2A4-32E6B060DF15}
		{8AC7744B-E491-4C04-B515-8CDC0949F3BF} = {1622CF35-735D-4598-9CBB-637E97DB3DF9}
		{299D524E-876D-43DD-AE11-51E9855698B8} = {D909636C-FC76-42DC-99C6-76ED983BA2B1}
		{DB4B7CE8-B144-4EC6-B841-3E7042948F98} = {47E4A476-CC32-42F3-A637-97B3D6D8E1E4}
		{0623E605-9713-4BA8-90E9-67F7B79C15F0} = {DB4B7CE8-B144-4EC6-B841-3E7042948F98}
		{47904E31-DD02-44E5-8D64-BF9A03EF9164} = {47E4A476-CC32-42F3-A637-97B3D6D8E1E4}
		{C247D5CE-BA19-4A46-9273-6EB23DF58725} = {47904E31-DD02-44E5-8D64-BF9A03EF9164}
		{2EEC8653-0720-449B-A244-8CC96E64CAAA} = {47904E31-DD02-44E5-8D64-BF9A03EF9164}
		{A6FFF149-1017-42D7-9988-E4DF9983A9F9} = {47904E31-DD02-44E5-8D64-BF9A03EF9164}
		{7936B123-4825-4E3E-8B7F-D7030BEBA541} = {47904E31-DD02-44E5-8D64-BF9A03EF9164}
		{4A79C168-0493-4977-9B9F-E0254D4126CC} = {47904E31-DD02-44E5-8D64-BF9A03EF9164}
		{DD8CF7DB-F722-4D0A-9E67-777515383BEB} = {7D63FA7B-F5AC-4B61-8E00-6C4EE72A70AC}
		{7D63FA7B-F5AC-4B61-8E00-6C4EE72A70AC} = {47904E31-DD02-44E5-8D64-BF9A03EF9164}
	EndGlobalSection
	GlobalSection(ExtensibilityGlobals) = postSolution
		SolutionGuid = {0AF5C18B-1286-4A04-948B-4501100082EB}
	EndGlobalSection
	GlobalSection(NDepend) = preSolution
		Project = ".\NopCommerce.ndproj"
	EndGlobalSection
EndGlobal
